{
  "name": "http-request",
  "version": "1.0.0",
  "lockfileVersion": 3,
  "requires": true,
  "packages": {
    "": {
      "name": "http-request",
      "version": "1.0.0",
      "license": "ISC",
      "dependencies": {
        "rqeuest": "^0.0.1-security"
      }
    },
    "node_modules/rqeuest": {
      "version": "0.0.1-security",
      "resolved": "https://registry.npmjs.org/rqeuest/-/rqeuest-0.0.1-security.tgz",
      "integrity": "sha512-MuPZ8+iNBKMR0rZgg3gqBWMdgokxNICugXR9Q0QHUabkCb/hi15IGDOT399K+nmAPinAXMRBa9B6IuREJ65plg=="
    }
  }
}
